
Microsoft Visual Studio Solution File, Format Version 12.00
# Visual Studio 14
VisualStudioVersion = 14.0.25420.1
MinimumVisualStudioVersion = 10.0.40219.1
Project("{FAE04EC0-301F-11D3-BF4B-00C04F79EFBC}") = "CNeptune", "CNeptune\CNeptune.csproj", "{62DF9688-1E06-413A-95EF-1F99F6E52CEC}"
EndProject
Global
	GlobalSection(SolutionConfigurationPlatforms) = preSolution
		Debug|Any CPU = Debug|Any CPU
		Release|Any CPU = Release|Any CPU
	EndGlobalSection
	GlobalSection(ProjectConfigurationPlatforms) = postSolution
		{62DF9688-1E06-413A-95EF-1F99F6E52CEC}.Debug|Any CPU.ActiveCfg = Debug|Any CPU
		{62DF9688-1E06-413A-95EF-1F99F6E52CEC}.Debug|Any CPU.Build.0 = Debug|Any CPU
		{62DF9688-1E06-413A-95EF-1F99F6E52CEC}.Release|Any CPU.ActiveCfg = Release|Any CPU
		{62DF9688-1E06-413A-95EF-1F99F6E52CEC}.Release|Any CPU.Build.0 = Release|Any CPU
	EndGlobalSection
	GlobalSection(SolutionProperties) = preSolution
		HideSolutionNode = FALSE
	EndGlobalSection
EndGlobal
